// !$*UTF8*$!
{
	archiveVersion = 1;
	classes = {
	};
	objectVersion = 55;
	objects = {

/* Begin PBXBuildFile section */
		961EB041279310B3006E8B72 /* AppDelegate.swift in Sources */ = {isa = PBXBuildFile; fileRef = 961EB040279310B3006E8B72 /* AppDelegate.swift */; };
		961EB043279310B3006E8B72 /* SceneDelegate.swift in Sources */ = {isa = PBXBuildFile; fileRef = 961EB042279310B3006E8B72 /* SceneDelegate.swift */; };
		961EB045279310B3006E8B72 /* ViewController.swift in Sources */ = {isa = PBXBuildFile; fileRef = 961EB044279310B3006E8B72 /* ViewController.swift */; };
		961EB048279310B3006E8B72 /* Main.storyboard in Resources */ = {isa = PBXBuildFile; fileRef = 961EB046279310B3006E8B72 /* Main.storyboard */; };
		961EB04B279310B3006E8B72 /* EMovie.xcdatamodeld in Sources */ = {isa = PBXBuildFile; fileRef = 961EB049279310B3006E8B72 /* EMovie.xcdatamodeld */; };
		961EB04D279310B3006E8B72 /* Assets.xcassets in Resources */ = {isa = PBXBuildFile; fileRef = 961EB04C279310B3006E8B72 /* Assets.xcassets */; };
		961EB050279310B3006E8B72 /* LaunchScreen.storyboard in Resources */ = {isa = PBXBuildFile; fileRef = 961EB04E279310B3006E8B72 /* LaunchScreen.storyboard */; };
		961EB05B279310B4006E8B72 /* EMovieTests.swift in Sources */ = {isa = PBXBuildFile; fileRef = 961EB05A279310B4006E8B72 /* EMovieTests.swift */; };
		961EB065279310B4006E8B72 /* EMovieUITests.swift in Sources */ = {isa = PBXBuildFile; fileRef = 961EB064279310B4006E8B72 /* EMovieUITests.swift */; };
		961EB067279310B4006E8B72 /* EMovieUITestsLaunchTests.swift in Sources */ = {isa = PBXBuildFile; fileRef = 961EB066279310B4006E8B72 /* EMovieUITestsLaunchTests.swift */; };
/* End PBXBuildFile section */

/* Begin PBXContainerItemProxy section */
		961EB057279310B4006E8B72 /* PBXContainerItemProxy */ = {
			isa = PBXContainerItemProxy;
			containerPortal = 961EB035279310B3006E8B72 /* Project object */;
			proxyType = 1;
			remoteGlobalIDString = 961EB03C279310B3006E8B72;
			remoteInfo = EMovie;
		};
		961EB061279310B4006E8B72 /* PBXContainerItemProxy */ = {
			isa = PBXContainerItemProxy;
			containerPortal = 961EB035279310B3006E8B72 /* Project object */;
			proxyType = 1;
			remoteGlobalIDString = 961EB03C279310B3006E8B72;
			remoteInfo = EMovie;
		};
/* End PBXContainerItemProxy section */

/* Begin PBXFileReference section */
		961EB03D279310B3006E8B72 /* EMovie.app */ = {isa = PBXFileReference; explicitFileType = wrapper.application; includeInIndex = 0; path = EMovie.app; sourceTree = BUILT_PRODUCTS_DIR; };
		961EB040279310B3006E8B72 /* AppDelegate.swift */ = {isa = PBXFileReference; lastKnownFileType = sourcecode.swift; path = AppDelegate.swift; sourceTree = "<group>"; };
		961EB042279310B3006E8B72 /* SceneDelegate.swift */ = {isa = PBXFileReference; lastKnownFileType = sourcecode.swift; path = SceneDelegate.swift; sourceTree = "<group>"; };
		961EB044279310B3006E8B72 /* ViewController.swift */ = {isa = PBXFileReference; lastKnownFileType = sourcecode.swift; path = ViewController.swift; sourceTree = "<group>"; };
		961EB047279310B3006E8B72 /* Base */ = {isa = PBXFileReference; lastKnownFileType = file.storyboard; name = Base; path = Base.lproj/Main.storyboard; sourceTree = "<group>"; };
		961EB04A279310B3006E8B72 /* EMovie.xcdatamodel */ = {isa = PBXFileReference; lastKnownFileType = wrapper.xcdatamodel; path = EMovie.xcdatamodel; sourceTree = "<group>"; };
		961EB04C279310B3006E8B72 /* Assets.xcassets */ = {isa = PBXFileReference; lastKnownFileType = folder.assetcatalog; path = Assets.xcassets; sourceTree = "<group>"; };
		961EB04F279310B3006E8B72 /* Base */ = {isa = PBXFileReference; lastKnownFileType = file.storyboard; name = Base; path = Base.lproj/LaunchScreen.storyboard; sourceTree = "<group>"; };
		961EB051279310B3006E8B72 /* Info.plist */ = {isa = PBXFileReference; lastKnownFileType = text.plist.xml; path = Info.plist; sourceTree = "<group>"; };
		961EB056279310B4006E8B72 /* EMovieTests.xctest */ = {isa = PBXFileReference; explicitFileType = wrapper.cfbundle; includeInIndex = 0; path = EMovieTests.xctest; sourceTree = BUILT_PRODUCTS_DIR; };
		961EB05A279310B4006E8B72 /* EMovieTests.swift */ = {isa = PBXFileReference; lastKnownFileType = sourcecode.swift; path = EMovieTests.swift; sourceTree = "<group>"; };
		961EB060279310B4006E8B72 /* EMovieUITests.xctest */ = {isa = PBXFileReference; explicitFileType = wrapper.cfbundle; includeInIndex = 0; path = EMovieUITests.xctest; sourceTree = BUILT_PRODUCTS_DIR; };
		961EB064279310B4006E8B72 /* EMovieUITests.swift */ = {isa = PBXFileReference; lastKnownFileType = sourcecode.swift; path = EMovieUITests.swift; sourceTree = "<group>"; };
		961EB066279310B4006E8B72 /* EMovieUITestsLaunchTests.swift */ = {isa = PBXFileReference; lastKnownFileType = sourcecode.swift; path = EMovieUITestsLaunchTests.swift; sourceTree = "<group>"; };
/* End PBXFileReference section */

/* Begin PBXFrameworksBuildPhase section */
		961EB03A279310B3006E8B72 /* Frameworks */ = {
			isa = PBXFrameworksBuildPhase;
			buildActionMask = 2147483647;
			files = (
			);
			runOnlyForDeploymentPostprocessing = 0;
		};
		961EB053279310B4006E8B72 /* Frameworks */ = {
			isa = PBXFrameworksBuildPhase;
			buildActionMask = 2147483647;
			files = (
			);
			runOnlyForDeploymentPostprocessing = 0;
		};
		961EB05D279310B4006E8B72 /* Frameworks */ = {
			isa = PBXFrameworksBuildPhase;
			buildActionMask = 2147483647;
			files = (
			);
			runOnlyForDeploymentPostprocessing = 0;
		};
/* End PBXFrameworksBuildPhase section */

/* Begin PBXGroup section */
		961EB034279310B3006E8B72 = {
			isa = PBXGroup;
			children = (
				961EB03F279310B3006E8B72 /* EMovie */,
				961EB059279310B4006E8B72 /* EMovieTests */,
				961EB063279310B4006E8B72 /* EMovieUITests */,
				961EB03E279310B3006E8B72 /* Products */,
			);
			sourceTree = "<group>";
		};
		961EB03E279310B3006E8B72 /* Products */ = {
			isa = PBXGroup;
			children = (
				961EB03D279310B3006E8B72 /* EMovie.app */,
				961EB056279310B4006E8B72 /* EMovieTests.xctest */,
				961EB060279310B4006E8B72 /* EMovieUITests.xctest */,
			);
			name = Products;
			sourceTree = "<group>";
		};
		961EB03F279310B3006E8B72 /* EMovie */ = {
			isa = PBXGroup;
			children = (
				961EB040279310B3006E8B72 /* AppDelegate.swift */,
				961EB042279310B3006E8B72 /* SceneDelegate.swift */,
				961EB044279310B3006E8B72 /* ViewController.swift */,
				961EB046279310B3006E8B72 /* Main.storyboard */,
				961EB04C279310B3006E8B72 /* Assets.xcassets */,
				961EB04E279310B3006E8B72 /* LaunchScreen.storyboard */,
				961EB051279310B3006E8B72 /* Info.plist */,
				961EB049279310B3006E8B72 /* EMovie.xcdatamodeld */,
			);
			path = EMovie;
			sourceTree = "<group>";
		};
		961EB059279310B4006E8B72 /* EMovieTests */ = {
			isa = PBXGroup;
			children = (
				961EB05A279310B4006E8B72 /* EMovieTests.swift */,
			);
			path = EMovieTests;
			sourceTree = "<group>";
		};
		961EB063279310B4006E8B72 /* EMovieUITests */ = {
			isa = PBXGroup;
			children = (
				961EB064279310B4006E8B72 /* EMovieUITests.swift */,
				961EB066279310B4006E8B72 /* EMovieUITestsLaunchTests.swift */,
			);
			path = EMovieUITests;
			sourceTree = "<group>";
		};
/* End PBXGroup section */

/* Begin PBXNativeTarget section */
		961EB03C279310B3006E8B72 /* EMovie */ = {
			isa = PBXNativeTarget;
			buildConfigurationList = 961EB06A279310B4006E8B72 /* Build configuration list for PBXNativeTarget "EMovie" */;
			buildPhases = (
				961EB039279310B3006E8B72 /* Sources */,
				961EB03A279310B3006E8B72 /* Frameworks */,
				961EB03B279310B3006E8B72 /* Resources */,
			);
			buildRules = (
			);
			dependencies = (
			);
			name = EMovie;
			productName = EMovie;
			productReference = 961EB03D279310B3006E8B72 /* EMovie.app */;
			productType = "com.apple.product-type.application";
		};
		961EB055279310B4006E8B72 /* EMovieTests */ = {
			isa = PBXNativeTarget;
			buildConfigurationList = 961EB06D279310B4006E8B72 /* Build configuration list for PBXNativeTarget "EMovieTests" */;
			buildPhases = (
				961EB052279310B4006E8B72 /* Sources */,
				961EB053279310B4006E8B72 /* Frameworks */,
				961EB054279310B4006E8B72 /* Resources */,
			);
			buildRules = (
			);
			dependencies = (
				961EB058279310B4006E8B72 /* PBXTargetDependency */,
			);
			name = EMovieTests;
			productName = EMovieTests;
			productReference = 961EB056279310B4006E8B72 /* EMovieTests.xctest */;
			productType = "com.apple.product-type.bundle.unit-test";
		};
		961EB05F279310B4006E8B72 /* EMovieUITests */ = {
			isa = PBXNativeTarget;
			buildConfigurationList = 961EB070279310B4006E8B72 /* Build configuration list for PBXNativeTarget "EMovieUITests" */;
			buildPhases = (
				961EB05C279310B4006E8B72 /* Sources */,
				961EB05D279310B4006E8B72 /* Frameworks */,
				961EB05E279310B4006E8B72 /* Resources */,
			);
			buildRules = (
			);
			dependencies = (
				961EB062279310B4006E8B72 /* PBXTargetDependency */,
			);
			name = EMovieUITests;
			productName = EMovieUITests;
			productReference = 961EB060279310B4006E8B72 /* EMovieUITests.xctest */;
			productType = "com.apple.product-type.bundle.ui-testing";
		};
/* End PBXNativeTarget section */

/* Begin PBXProject section */
		961EB035279310B3006E8B72 /* Project object */ = {
			isa = PBXProject;
			attributes = {
				BuildIndependentTargetsInParallel = 1;
				LastSwiftUpdateCheck = 1310;
				LastUpgradeCheck = 1310;
				TargetAttributes = {
					961EB03C279310B3006E8B72 = {
						CreatedOnToolsVersion = 13.1;
					};
					961EB055279310B4006E8B72 = {
						CreatedOnToolsVersion = 13.1;
						TestTargetID = 961EB03C279310B3006E8B72;
					};
					961EB05F279310B4006E8B72 = {
						CreatedOnToolsVersion = 13.1;
						TestTargetID = 961EB03C279310B3006E8B72;
					};
				};
			};
			buildConfigurationList = 961EB038279310B3006E8B72 /* Build configuration list for PBXProject "EMovie" */;
			compatibilityVersion = "Xcode 13.0";
			developmentRegion = en;
			hasScannedForEncodings = 0;
			knownRegions = (
				en,
				Base,
			);
			mainGroup = 961EB034279310B3006E8B72;
			productRefGroup = 961EB03E279310B3006E8B72 /* Products */;
			projectDirPath = "";
			projectRoot = "";
			targets = (
				961EB03C279310B3006E8B72 /* EMovie */,
				961EB055279310B4006E8B72 /* EMovieTests */,
				961EB05F279310B4006E8B72 /* EMovieUITests */,
			);
		};
/* End PBXProject section */

/* Begin PBXResourcesBuildPhase section */
		961EB03B279310B3006E8B72 /* Resources */ = {
			isa = PBXResourcesBuildPhase;
			buildActionMask = 2147483647;
			files = (
				961EB050279310B3006E8B72 /* LaunchScreen.storyboard in Resources */,
				961EB04D279310B3006E8B72 /* Assets.xcassets in Resources */,
				961EB048279310B3006E8B72 /* Main.storyboard in Resources */,
			);
			runOnlyForDeploymentPostprocessing = 0;
		};
		961EB054279310B4006E8B72 /* Resources */ = {
			isa = PBXResourcesBuildPhase;
			buildActionMask = 2147483647;
			files = (
			);
			runOnlyForDeploymentPostprocessing = 0;
		};
		961EB05E279310B4006E8B72 /* Resources */ = {
			isa = PBXResourcesBuildPhase;
			buildActionMask = 2147483647;
			files = (
			);
			runOnlyForDeploymentPostprocessing = 0;
		};
/* End PBXResourcesBuildPhase section */

/* Begin PBXSourcesBuildPhase section */
		961EB039279310B3006E8B72 /* Sources */ = {
			isa = PBXSourcesBuildPhase;
			buildActionMask = 2147483647;
			files = (
				961EB04B279310B3006E8B72 /* EMovie.xcdatamodeld in Sources */,
				961EB045279310B3006E8B72 /* ViewController.swift in Sources */,
				961EB041279310B3006E8B72 /* AppDelegate.swift in Sources */,
				961EB043279310B3006E8B72 /* SceneDelegate.swift in Sources */,
			);
			runOnlyForDeploymentPostprocessing = 0;
		};
		961EB052279310B4006E8B72 /* Sources */ = {
			isa = PBXSourcesBuildPhase;
			buildActionMask = 2147483647;
			files = (
				961EB05B279310B4006E8B72 /* EMovieTests.swift in Sources */,
			);
			runOnlyForDeploymentPostprocessing = 0;
		};
		961EB05C279310B4006E8B72 /* Sources */ = {
			isa = PBXSourcesBuildPhase;
			buildActionMask = 2147483647;
			files = (
				961EB065279310B4006E8B72 /* EMovieUITests.swift in Sources */,
				961EB067279310B4006E8B72 /* EMovieUITestsLaunchTests.swift in Sources */,
			);
			runOnlyForDeploymentPostprocessing = 0;
		};
/* End PBXSourcesBuildPhase section */

/* Begin PBXTargetDependency section */
		961EB058279310B4006E8B72 /* PBXTargetDependency */ = {
			isa = PBXTargetDependency;
			target = 961EB03C279310B3006E8B72 /* EMovie */;
			targetProxy = 961EB057279310B4006E8B72 /* PBXContainerItemProxy */;
		};
		961EB062279310B4006E8B72 /* PBXTargetDependency */ = {
			isa = PBXTargetDependency;
			target = 961EB03C279310B3006E8B72 /* EMovie */;
			targetProxy = 961EB061279310B4006E8B72 /* PBXContainerItemProxy */;
		};
/* End PBXTargetDependency section */

/* Begin PBXVariantGroup section */
		961EB046279310B3006E8B72 /* Main.storyboard */ = {
			isa = PBXVariantGroup;
			children = (
				961EB047279310B3006E8B72 /* Base */,
			);
			name = Main.storyboard;
			sourceTree = "<group>";
		};
		961EB04E279310B3006E8B72 /* LaunchScreen.storyboard */ = {
			isa = PBXVariantGroup;
			children = (
				961EB04F279310B3006E8B72 /* Base */,
			);
			name = LaunchScreen.storyboard;
			sourceTree = "<group>";
		};
/* End PBXVariantGroup section */

/* Begin XCBuildConfiguration section */
		961EB068279310B4006E8B72 /* Debug */ = {
			isa = XCBuildConfiguration;
			buildSettings = {
				ALWAYS_SEARCH_USER_PATHS = NO;
				CLANG_ANALYZER_NONNULL = YES;
				CLANG_ANALYZER_NUMBER_OBJECT_CONVERSION = YES_AGGRESSIVE;
				CLANG_CXX_LANGUAGE_STANDARD = "gnu++17";
				CLANG_CXX_LIBRARY = "libc++";
				CLANG_ENABLE_MODULES = YES;
				CLANG_ENABLE_OBJC_ARC = YES;
				CLANG_ENABLE_OBJC_WEAK = YES;
				CLANG_WARN_BLOCK_CAPTURE_AUTORELEASING = YES;
				CLANG_WARN_BOOL_CONVERSION = YES;
				CLANG_WARN_COMMA = YES;
				CLANG_WARN_CONSTANT_CONVERSION = YES;
				CLANG_WARN_DEPRECATED_OBJC_IMPLEMENTATIONS = YES;
				CLANG_WARN_DIRECT_OBJC_ISA_USAGE = YES_ERROR;
				CLANG_WARN_DOCUMENTATION_COMMENTS = YES;
				CLANG_WARN_EMPTY_BODY = YES;
				CLANG_WARN_ENUM_CONVERSION = YES;
				CLANG_WARN_INFINITE_RECURSION = YES;
				CLANG_WARN_INT_CONVERSION = YES;
				CLANG_WARN_NON_LITERAL_NULL_CONVERSION = YES;
				CLANG_WARN_OBJC_IMPLICIT_RETAIN_SELF = YES;
				CLANG_WARN_OBJC_LITERAL_CONVERSION = YES;
				CLANG_WARN_OBJC_ROOT_CLASS = YES_ERROR;
				CLANG_WARN_QUOTED_INCLUDE_IN_FRAMEWORK_HEADER = YES;
				CLANG_WARN_RANGE_LOOP_ANALYSIS = YES;
				CLANG_WARN_STRICT_PROTOTYPES = YES;
				CLANG_WARN_SUSPICIOUS_MOVE = YES;
				CLANG_WARN_UNGUARDED_AVAILABILITY = YES_AGGRESSIVE;
				CLANG_WARN_UNREACHABLE_CODE = YES;
				CLANG_WARN__DUPLICATE_METHOD_MATCH = YES;
				COPY_PHASE_STRIP = NO;
				DEBUG_INFORMATION_FORMAT = dwarf;
				ENABLE_STRICT_OBJC_MSGSEND = YES;
				ENABLE_TESTABILITY = YES;
				GCC_C_LANGUAGE_STANDARD = gnu11;
				GCC_DYNAMIC_NO_PIC = NO;
				GCC_NO_COMMON_BLOCKS = YES;
				GCC_OPTIMIZATION_LEVEL = 0;
				GCC_PREPROCESSOR_DEFINITIONS = (
					"DEBUG=1",
					"$(inherited)",
				);
				GCC_WARN_64_TO_32_BIT_CONVERSION = YES;
				GCC_WARN_ABOUT_RETURN_TYPE = YES_ERROR;
				GCC_WARN_UNDECLARED_SELECTOR = YES;
				GCC_WARN_UNINITIALIZED_AUTOS = YES_AGGRESSIVE;
				GCC_WARN_UNUSED_FUNCTION = YES;
				GCC_WARN_UNUSED_VARIABLE = YES;
				IPHONEOS_DEPLOYMENT_TARGET = 15.0;
				MTL_ENABLE_DEBUG_INFO = INCLUDE_SOURCE;
				MTL_FAST_MATH = YES;
				ONLY_ACTIVE_ARCH = YES;
				SDKROOT = iphoneos;
				SWIFT_ACTIVE_COMPILATION_CONDITIONS = DEBUG;
				SWIFT_OPTIMIZATION_LEVEL = "-Onone";
			};
			name = Debug;
		};
		961EB069279310B4006E8B72 /* Release */ = {
			isa = XCBuildConfiguration;
			buildSettings = {
				ALWAYS_SEARCH_USER_PATHS = NO;
				CLANG_ANALYZER_NONNULL = YES;
				CLANG_ANALYZER_NUMBER_OBJECT_CONVERSION = YES_AGGRESSIVE;
				CLANG_CXX_LANGUAGE_STANDARD = "gnu++17";
				CLANG_CXX_LIBRARY = "libc++";
				CLANG_ENABLE_MODULES = YES;
				CLANG_ENABLE_OBJC_ARC = YES;
				CLANG_ENABLE_OBJC_WEAK = YES;
				CLANG_WARN_BLOCK_CAPTURE_AUTORELEASING = YES;
				CLANG_WARN_BOOL_CONVERSION = YES;
				CLANG_WARN_COMMA = YES;
				CLANG_WARN_CONSTANT_CONVERSION = YES;
				CLANG_WARN_DEPRECATED_OBJC_IMPLEMENTATIONS = YES;
				CLANG_WARN_DIRECT_OBJC_ISA_USAGE = YES_ERROR;
				CLANG_WARN_DOCUMENTATION_COMMENTS = YES;
				CLANG_WARN_EMPTY_BODY = YES;
				CLANG_WARN_ENUM_CONVERSION = YES;
				CLANG_WARN_INFINITE_RECURSION = YES;
				CLANG_WARN_INT_CONVERSION = YES;
				CLANG_WARN_NON_LITERAL_NULL_CONVERSION = YES;
				CLANG_WARN_OBJC_IMPLICIT_RETAIN_SELF = YES;
				CLANG_WARN_OBJC_LITERAL_CONVERSION = YES;
				CLANG_WARN_OBJC_ROOT_CLASS = YES_ERROR;
				CLANG_WARN_QUOTED_INCLUDE_IN_FRAMEWORK_HEADER = YES;
				CLANG_WARN_RANGE_LOOP_ANALYSIS = YES;
				CLANG_WARN_STRICT_PROTOTYPES = YES;
				CLANG_WARN_SUSPICIOUS_MOVE = YES;
				CLANG_WARN_UNGUARDED_AVAILABILITY = YES_AGGRESSIVE;
				CLANG_WARN_UNREACHABLE_CODE = YES;
				CLANG_WARN__DUPLICATE_METHOD_MATCH = YES;
				COPY_PHASE_STRIP = NO;
				DEBUG_INFORMATION_FORMAT = "dwarf-with-dsym";
				ENABLE_NS_ASSERTIONS = NO;
				ENABLE_STRICT_OBJC_MSGSEND = YES;
				GCC_C_LANGUAGE_STANDARD = gnu11;
				GCC_NO_COMMON_BLOCKS = YES;
				GCC_WARN_64_TO_32_BIT_CONVERSION = YES;
				GCC_WARN_ABOUT_RETURN_TYPE = YES_ERROR;
				GCC_WARN_UNDECLARED_SELECTOR = YES;
				GCC_WARN_UNINITIALIZED_AUTOS = YES_AGGRESSIVE;
				GCC_WARN_UNUSED_FUNCTION = YES;
				GCC_WARN_UNUSED_VARIABLE = YES;
				IPHONEOS_DEPLOYMENT_TARGET = 15.0;
				MTL_ENABLE_DEBUG_INFO = NO;
				MTL_FAST_MATH = YES;
				SDKROOT = iphoneos;
				SWIFT_COMPILATION_MODE = wholemodule;
				SWIFT_OPTIMIZATION_LEVEL = "-O";
				VALIDATE_PRODUCT = YES;
			};
			name = Release;
		};
		961EB06B279310B4006E8B72 /* Debug */ = {
			isa = XCBuildConfiguration;
			buildSettings = {
				ASSETCATALOG_COMPILER_APPICON_NAME = AppIcon;
				ASSETCATALOG_COMPILER_GLOBAL_ACCENT_COLOR_NAME = AccentColor;
				CODE_SIGN_STYLE = Automatic;
				CURRENT_PROJECT_VERSION = 1;
				GENERATE_INFOPLIST_FILE = YES;
				INFOPLIST_FILE = EMovie/Info.plist;
				INFOPLIST_KEY_UIApplicationSupportsIndirectInputEvents = YES;
				INFOPLIST_KEY_UILaunchStoryboardName = LaunchScreen;
				INFOPLIST_KEY_UIMainStoryboardFile = Main;
				INFOPLIST_KEY_UISupportedInterfaceOrientations_iPad = "UIInterfaceOrientationPortrait UIInterfaceOrientationPortraitUpsideDown UIInterfaceOrientationLandscapeLeft UIInterfaceOrientationLandscapeRight";
				INFOPLIST_KEY_UISupportedInterfaceOrientations_iPhone = "UIInterfaceOrientationPortrait UIInterfaceOrientationLandscapeLeft UIInterfaceOrientationLandscapeRight";
				LD_RUNPATH_SEARCH_PATHS = (
					"$(inherited)",
					"@executable_path/Frameworks",
				);
				MARKETING_VERSION = 1.0;
				PRODUCT_BUNDLE_IDENTIFIER = com.emovie.EMovie;
				PRODUCT_NAME = "$(TARGET_NAME)";
				SWIFT_EMIT_LOC_STRINGS = YES;
				SWIFT_VERSION = 5.0;
				TARGETED_DEVICE_FAMILY = "1,2";
			};
			name = Debug;
		};
		961EB06C279310B4006E8B72 /* Release */ = {
			isa = XCBuildConfiguration;
			buildSettings = {
				ASSETCATALOG_COMPILER_APPICON_NAME = AppIcon;
				ASSETCATALOG_COMPILER_GLOBAL_ACCENT_COLOR_NAME = AccentColor;
				CODE_SIGN_STYLE = Automatic;
				CURRENT_PROJECT_VERSION = 1;
				GENERATE_INFOPLIST_FILE = YES;
				INFOPLIST_FILE = EMovie/Info.plist;
				INFOPLIST_KEY_UIApplicationSupportsIndirectInputEvents = YES;
				INFOPLIST_KEY_UILaunchStoryboardName = LaunchScreen;
				INFOPLIST_KEY_UIMainStoryboardFile = Main;
				INFOPLIST_KEY_UISupportedInterfaceOrientations_iPad = "UIInterfaceOrientationPortrait UIInterfaceOrientationPortraitUpsideDown UIInterfaceOrientationLandscapeLeft UIInterfaceOrientationLandscapeRight";
				INFOPLIST_KEY_UISupportedInterfaceOrientations_iPhone = "UIInterfaceOrientationPortrait UIInterfaceOrientationLandscapeLeft UIInterfaceOrientationLandscapeRight";
				LD_RUNPATH_SEARCH_PATHS = (
					"$(inherited)",
					"@executable_path/Frameworks",
				);
				MARKETING_VERSION = 1.0;
				PRODUCT_BUNDLE_IDENTIFIER = com.emovie.EMovie;
				PRODUCT_NAME = "$(TARGET_NAME)";
				SWIFT_EMIT_LOC_STRINGS = YES;
				SWIFT_VERSION = 5.0;
				TARGETED_DEVICE_FAMILY = "1,2";
			};
			name = Release;
		};
		961EB06E279310B4006E8B72 /* Debug */ = {
			isa = XCBuildConfiguration;
			buildSettings = {
				ALWAYS_EMBED_SWIFT_STANDARD_LIBRARIES = YES;
				BUNDLE_LOADER = "$(TEST_HOST)";
				CODE_SIGN_STYLE = Automatic;
				CURRENT_PROJECT_VERSION = 1;
				GENERATE_INFOPLIST_FILE = YES;
				IPHONEOS_DEPLOYMENT_TARGET = 15.0;
				LD_RUNPATH_SEARCH_PATHS = (
					"$(inherited)",
					"@executable_path/Frameworks",
					"@loader_path/Frameworks",
				);
				MARKETING_VERSION = 1.0;
				PRODUCT_BUNDLE_IDENTIFIER = com.emovie.EMovieTests;
				PRODUCT_NAME = "$(TARGET_NAME)";
				SWIFT_EMIT_LOC_STRINGS = NO;
				SWIFT_VERSION = 5.0;
				TARGETED_DEVICE_FAMILY = "1,2";
				TEST_HOST = "$(BUILT_PRODUCTS_DIR)/EMovie.app/EMovie";
			};
			name = Debug;
		};
		961EB06F279310B4006E8B72 /* Release */ = {
			isa = XCBuildConfiguration;
			buildSettings = {
				ALWAYS_EMBED_SWIFT_STANDARD_LIBRARIES = YES;
				BUNDLE_LOADER = "$(TEST_HOST)";
				CODE_SIGN_STYLE = Automatic;
				CURRENT_PROJECT_VERSION = 1;
				GENERATE_INFOPLIST_FILE = YES;
				IPHONEOS_DEPLOYMENT_TARGET = 15.0;
				LD_RUNPATH_SEARCH_PATHS = (
					"$(inherited)",
					"@executable_path/Frameworks",
					"@loader_path/Frameworks",
				);
				MARKETING_VERSION = 1.0;
				PRODUCT_BUNDLE_IDENTIFIER = com.emovie.EMovieTests;
				PRODUCT_NAME = "$(TARGET_NAME)";
				SWIFT_EMIT_LOC_STRINGS = NO;
				SWIFT_VERSION = 5.0;
				TARGETED_DEVICE_FAMILY = "1,2";
				TEST_HOST = "$(BUILT_PRODUCTS_DIR)/EMovie.app/EMovie";
			};
			name = Release;
		};
		961EB071279310B4006E8B72 /* Debug */ = {
			isa = XCBuildConfiguration;
			buildSettings = {
				ALWAYS_EMBED_SWIFT_STANDARD_LIBRARIES = YES;
				CODE_SIGN_STYLE = Automatic;
				CURRENT_PROJECT_VERSION = 1;
				GENERATE_INFOPLIST_FILE = YES;
				LD_RUNPATH_SEARCH_PATHS = (
					"$(inherited)",
					"@executable_path/Frameworks",
					"@loader_path/Frameworks",
				);
				MARKETING_VERSION = 1.0;
				PRODUCT_BUNDLE_IDENTIFIER = com.emovie.EMovieUITests;
				PRODUCT_NAME = "$(TARGET_NAME)";
				SWIFT_EMIT_LOC_STRINGS = NO;
				SWIFT_VERSION = 5.0;
				TARGETED_DEVICE_FAMILY = "1,2";
				TEST_TARGET_NAME = EMovie;
			};
			name = Debug;
		};
		961EB072279310B4006E8B72 /* Release */ = {
			isa = XCBuildConfiguration;
			buildSettings = {
				ALWAYS_EMBED_SWIFT_STANDARD_LIBRARIES = YES;
				CODE_SIGN_STYLE = Automatic;
				CURRENT_PROJECT_VERSION = 1;
				GENERATE_INFOPLIST_FILE = YES;
				LD_RUNPATH_SEARCH_PATHS = (
					"$(inherited)",
					"@executable_path/Frameworks",
					"@loader_path/Frameworks",
				);
				MARKETING_VERSION = 1.0;
				PRODUCT_BUNDLE_IDENTIFIER = com.emovie.EMovieUITests;
				PRODUCT_NAME = "$(TARGET_NAME)";
				SWIFT_EMIT_LOC_STRINGS = NO;
				SWIFT_VERSION = 5.0;
				TARGETED_DEVICE_FAMILY = "1,2";
				TEST_TARGET_NAME = EMovie;
			};
			name = Release;
		};
/* End XCBuildConfiguration section */

/* Begin XCConfigurationList section */
		961EB038279310B3006E8B72 /* Build configuration list for PBXProject "EMovie" */ = {
			isa = XCConfigurationList;
			buildConfigurations = (
				961EB068279310B4006E8B72 /* Debug */,
				961EB069279310B4006E8B72 /* Release */,
			);
			defaultConfigurationIsVisible = 0;
			defaultConfigurationName = Release;
		};
		961EB06A279310B4006E8B72 /* Build configuration list for PBXNativeTarget "EMovie" */ = {
			isa = XCConfigurationList;
			buildConfigurations = (
				961EB06B279310B4006E8B72 /* Debug */,
				961EB06C279310B4006E8B72 /* Release */,
			);
			defaultConfigurationIsVisible = 0;
			defaultConfigurationName = Release;
		};
		961EB06D279310B4006E8B72 /* Build configuration list for PBXNativeTarget "EMovieTests" */ = {
			isa = XCConfigurationList;
			buildConfigurations = (
				961EB06E279310B4006E8B72 /* Debug */,
				961EB06F279310B4006E8B72 /* Release */,
			);
			defaultConfigurationIsVisible = 0;
			defaultConfigurationName = Release;
		};
		961EB070279310B4006E8B72 /* Build configuration list for PBXNativeTarget "EMovieUITests" */ = {
			isa = XCConfigurationList;
			buildConfigurations = (
				961EB071279310B4006E8B72 /* Debug */,
				961EB072279310B4006E8B72 /* Release */,
			);
			defaultConfigurationIsVisible = 0;
			defaultConfigurationName = Release;
		};
/* End XCConfigurationList section */

/* Begin XCVersionGroup section */
		961EB049279310B3006E8B72 /* EMovie.xcdatamodeld */ = {
			isa = XCVersionGroup;
			children = (
				961EB04A279310B3006E8B72 /* EMovie.xcdatamodel */,
			);
			currentVersion = 961EB04A279310B3006E8B72 /* EMovie.xcdatamodel */;
			path = EMovie.xcdatamodeld;
			sourceTree = "<group>";
			versionGroupType = wrapper.xcdatamodel;
		};
/* End XCVersionGroup section */
	};
	rootObject = 961EB035279310B3006E8B72 /* Project object */;
}
